
Microsoft Visual Studio Solution File, Format Version 12.00
# Visual Studio Version 17
VisualStudioVersion = 17.14.36429.23
MinimumVisualStudioVersion = 10.0.40219.1
Project("{FAE04EC0-301F-11D3-BF4B-00C04F79EFBC}") = "SpotRent.Api", "SpotRent.Api\SpotRent.Api.csproj", "{5AE26314-CC4E-46A5-8D4A-7B093D9D34AA}"
EndProject
Project("{2150E333-8FDC-42A3-9474-1A3956D46DE8}") = "src", "src", "{02EA681E-C7D8-13C7-8484-4AC65E1B71E8}"
EndProject
Project("{FAE04EC0-301F-11D3-BF4B-00C04F79EFBC}") = "SpotRent.Domain", "SpotRent.Domain\SpotRent.Domain.csproj", "{2DC52681-00C9-4615-B6DC-A1827AF02458}"
EndProject
Project("{FAE04EC0-301F-11D3-BF4B-00C04F79EFBC}") = "SpotRent.Services", "SpotRent.Services\SpotRent.Services.csproj", "{20B974D8-E0EC-48CA-B42D-1634D01CAC43}"
EndProject
Project("{FAE04EC0-301F-11D3-BF4B-00C04F79EFBC}") = "SpotRent.Infrastructure", "SpotRent.Infrastructure\SpotRent.Infrastructure.csproj", "{57138725-95CD-4BB4-99E9-CB3111AA673F}"
EndProject
Project("{2150E333-8FDC-42A3-9474-1A3956D46DE8}") = "test", "test", "{9EF230D9-52C0-4171-B08B-1C8F09FFD337}"
EndProject
Project("{FAE04EC0-301F-11D3-BF4B-00C04F79EFBC}") = "SpotRent.UnitTests", "SpotRent.UnitTests\SpotRent.UnitTests.csproj", "{874FCF06-015C-4945-B182-9E36F7856A31}"
EndProject
Global
	GlobalSection(SolutionConfigurationPlatforms) = preSolution
		Debug|Any CPU = Debug|Any CPU
		Release|Any CPU = Release|Any CPU
	EndGlobalSection
	GlobalSection(ProjectConfigurationPlatforms) = postSolution
		{5AE26314-CC4E-46A5-8D4A-7B093D9D34AA}.Debug|Any CPU.ActiveCfg = Debug|Any CPU
		{5AE26314-CC4E-46A5-8D4A-7B093D9D34AA}.Debug|Any CPU.Build.0 = Debug|Any CPU
		{5AE26314-CC4E-46A5-8D4A-7B093D9D34AA}.Release|Any CPU.ActiveCfg = Release|Any CPU
		{5AE26314-CC4E-46A5-8D4A-7B093D9D34AA}.Release|Any CPU.Build.0 = Release|Any CPU
		{2DC52681-00C9-4615-B6DC-A1827AF02458}.Debug|Any CPU.ActiveCfg = Debug|Any CPU
		{2DC52681-00C9-4615-B6DC-A1827AF02458}.Debug|Any CPU.Build.0 = Debug|Any CPU
		{2DC52681-00C9-4615-B6DC-A1827AF02458}.Release|Any CPU.ActiveCfg = Release|Any CPU
		{2DC52681-00C9-4615-B6DC-A1827AF02458}.Release|Any CPU.Build.0 = Release|Any CPU
		{20B974D8-E0EC-48CA-B42D-1634D01CAC43}.Debug|Any CPU.ActiveCfg = Debug|Any CPU
		{20B974D8-E0EC-48CA-B42D-1634D01CAC43}.Debug|Any CPU.Build.0 = Debug|Any CPU
		{20B974D8-E0EC-48CA-B42D-1634D01CAC43}.Release|Any CPU.ActiveCfg = Release|Any CPU
		{20B974D8-E0EC-48CA-B42D-1634D01CAC43}.Release|Any CPU.Build.0 = Release|Any CPU
		{57138725-95CD-4BB4-99E9-CB3111AA673F}.Debug|Any CPU.ActiveCfg = Debug|Any CPU
		{57138725-95CD-4BB4-99E9-CB3111AA673F}.Debug|Any CPU.Build.0 = Debug|Any CPU
		{57138725-95CD-4BB4-99E9-CB3111AA673F}.Release|Any CPU.ActiveCfg = Release|Any CPU
		{57138725-95CD-4BB4-99E9-CB3111AA673F}.Release|Any CPU.Build.0 = Release|Any CPU
		{874FCF06-015C-4945-B182-9E36F7856A31}.Debug|Any CPU.ActiveCfg = Debug|Any CPU
		{874FCF06-015C-4945-B182-9E36F7856A31}.Debug|Any CPU.Build.0 = Debug|Any CPU
		{874FCF06-015C-4945-B182-9E36F7856A31}.Release|Any CPU.ActiveCfg = Release|Any CPU
		{874FCF06-015C-4945-B182-9E36F7856A31}.Release|Any CPU.Build.0 = Release|Any CPU
	EndGlobalSection
	GlobalSection(SolutionProperties) = preSolution
		HideSolutionNode = FALSE
	EndGlobalSection
	GlobalSection(NestedProjects) = preSolution
		{5AE26314-CC4E-46A5-8D4A-7B093D9D34AA} = {02EA681E-C7D8-13C7-8484-4AC65E1B71E8}
		{2DC52681-00C9-4615-B6DC-A1827AF02458} = {02EA681E-C7D8-13C7-8484-4AC65E1B71E8}
		{20B974D8-E0EC-48CA-B42D-1634D01CAC43} = {02EA681E-C7D8-13C7-8484-4AC65E1B71E8}
		{57138725-95CD-4BB4-99E9-CB3111AA673F} = {02EA681E-C7D8-13C7-8484-4AC65E1B71E8}
		{874FCF06-015C-4945-B182-9E36F7856A31} = {9EF230D9-52C0-4171-B08B-1C8F09FFD337}
	EndGlobalSection
	GlobalSection(ExtensibilityGlobals) = postSolution
		SolutionGuid = {80701FDE-9FBE-4692-AC56-F7A4C578FDED}
	EndGlobalSection
EndGlobal
